// !$*UTF8*$!
{
	archiveVersion = 1;
	classes = {
	};
	objectVersion = 46;
	objects = {

/* Begin PBXBuildFile section */
		328E627E3097534096CCB9FB /* Pods_SYNetwork_Example.framework in Frameworks */ = {isa = PBXBuildFile; fileRef = DA60868A0371E13C8154C5D0 /* Pods_SYNetwork_Example.framework */; };
		332EEA241E07786300009AAF /* .gitkeep in Resources */ = {isa = PBXBuildFile; fileRef = 332EEA101E07786300009AAF /* .gitkeep */; };
		332EEA251E07786300009AAF /* .gitkeep in Resources */ = {isa = PBXBuildFile; fileRef = 332EEA121E07786300009AAF /* .gitkeep */; };
		332EEA261E07786300009AAF /* SYCache.m in Sources */ = {isa = PBXBuildFile; fileRef = 332EEA141E07786300009AAF /* SYCache.m */; };
		332EEA271E07786300009AAF /* SYCacheObject.m in Sources */ = {isa = PBXBuildFile; fileRef = 332EEA161E07786300009AAF /* SYCacheObject.m */; };
		332EEA281E07786300009AAF /* SYHTTPManager.m in Sources */ = {isa = PBXBuildFile; fileRef = 332EEA181E07786300009AAF /* SYHTTPManager.m */; };
		332EEA291E07786300009AAF /* SYLogger.m in Sources */ = {isa = PBXBuildFile; fileRef = 332EEA1A1E07786300009AAF /* SYLogger.m */; };
		332EEA2A1E07786300009AAF /* SYRequest.m in Sources */ = {isa = PBXBuildFile; fileRef = 332EEA1D1E07786300009AAF /* SYRequest.m */; };
		332EEA2B1E07786300009AAF /* SYRequestConfig.m in Sources */ = {isa = PBXBuildFile; fileRef = 332EEA1F1E07786300009AAF /* SYRequestConfig.m */; };
		332EEA2C1E07786300009AAF /* SYRequestParametersBuilder.m in Sources */ = {isa = PBXBuildFile; fileRef = 332EEA211E07786300009AAF /* SYRequestParametersBuilder.m */; };
		332EEA2D1E07786300009AAF /* SYResponse.m in Sources */ = {isa = PBXBuildFile; fileRef = 332EEA231E07786300009AAF /* SYResponse.m */; };
		332EEA311E0778D900009AAF /* TESTRequestParameterBuilder.m in Sources */ = {isa = PBXBuildFile; fileRef = 332EEA301E0778D900009AAF /* TESTRequestParameterBuilder.m */; };
		332EEA341E07799700009AAF /* TestBaseApi.m in Sources */ = {isa = PBXBuildFile; fileRef = 332EEA331E07799700009AAF /* TestBaseApi.m */; };
		332EEA371E0779E900009AAF /* TestApi.m in Sources */ = {isa = PBXBuildFile; fileRef = 332EEA361E0779E900009AAF /* TestApi.m */; };
		332EEA3D1E07805300009AAF /* NSDictionary+SYNetworking.m in Sources */ = {isa = PBXBuildFile; fileRef = 332EEA3A1E07805300009AAF /* NSDictionary+SYNetworking.m */; };
		332EEA3E1E07805300009AAF /* NSString+Encryption.m in Sources */ = {isa = PBXBuildFile; fileRef = 332EEA3C1E07805300009AAF /* NSString+Encryption.m */; };
		332EEA411E07B61A00009AAF /* SYService.m in Sources */ = {isa = PBXBuildFile; fileRef = 332EEA401E07B61A00009AAF /* SYService.m */; };
		332EEA441E07B72E00009AAF /* SYServiceFactory.m in Sources */ = {isa = PBXBuildFile; fileRef = 332EEA431E07B72E00009AAF /* SYServiceFactory.m */; };
		332EEA471E07BF1200009AAF /* TestService.m in Sources */ = {isa = PBXBuildFile; fileRef = 332EEA461E07BF1200009AAF /* TestService.m */; };
		6003F58E195388D20070C39A /* Foundation.framework in Frameworks */ = {isa = PBXBuildFile; fileRef = 6003F58D195388D20070C39A /* Foundation.framework */; };
		6003F590195388D20070C39A /* CoreGraphics.framework in Frameworks */ = {isa = PBXBuildFile; fileRef = 6003F58F195388D20070C39A /* CoreGraphics.framework */; };
		6003F592195388D20070C39A /* UIKit.framework in Frameworks */ = {isa = PBXBuildFile; fileRef = 6003F591195388D20070C39A /* UIKit.framework */; };
		6003F598195388D20070C39A /* InfoPlist.strings in Resources */ = {isa = PBXBuildFile; fileRef = 6003F596195388D20070C39A /* InfoPlist.strings */; };
		6003F59A195388D20070C39A /* main.m in Sources */ = {isa = PBXBuildFile; fileRef = 6003F599195388D20070C39A /* main.m */; };
		6003F59E195388D20070C39A /* SYAppDelegate.m in Sources */ = {isa = PBXBuildFile; fileRef = 6003F59D195388D20070C39A /* SYAppDelegate.m */; };
		6003F5A7195388D20070C39A /* SYViewController.m in Sources */ = {isa = PBXBuildFile; fileRef = 6003F5A6195388D20070C39A /* SYViewController.m */; };
		6003F5A9195388D20070C39A /* Images.xcassets in Resources */ = {isa = PBXBuildFile; fileRef = 6003F5A8195388D20070C39A /* Images.xcassets */; };
		6003F5B0195388D20070C39A /* XCTest.framework in Frameworks */ = {isa = PBXBuildFile; fileRef = 6003F5AF195388D20070C39A /* XCTest.framework */; };
		6003F5B1195388D20070C39A /* Foundation.framework in Frameworks */ = {isa = PBXBuildFile; fileRef = 6003F58D195388D20070C39A /* Foundation.framework */; };
		6003F5B2195388D20070C39A /* UIKit.framework in Frameworks */ = {isa = PBXBuildFile; fileRef = 6003F591195388D20070C39A /* UIKit.framework */; };
		6003F5BA195388D20070C39A /* InfoPlist.strings in Resources */ = {isa = PBXBuildFile; fileRef = 6003F5B8195388D20070C39A /* InfoPlist.strings */; };
		6003F5BC195388D20070C39A /* Tests.m in Sources */ = {isa = PBXBuildFile; fileRef = 6003F5BB195388D20070C39A /* Tests.m */; };
		6D752EEE5F0833203D71E7EB /* Pods_SYNetwork_Tests.framework in Frameworks */ = {isa = PBXBuildFile; fileRef = 8202CB42FEB23013D21052EB /* Pods_SYNetwork_Tests.framework */; };
		873B8AEB1B1F5CCA007FD442 /* Main.storyboard in Resources */ = {isa = PBXBuildFile; fileRef = 873B8AEA1B1F5CCA007FD442 /* Main.storyboard */; };
/* End PBXBuildFile section */

/* Begin PBXContainerItemProxy section */
		6003F5B3195388D20070C39A /* PBXContainerItemProxy */ = {
			isa = PBXContainerItemProxy;
			containerPortal = 6003F582195388D10070C39A /* Project object */;
			proxyType = 1;
			remoteGlobalIDString = 6003F589195388D20070C39A;
			remoteInfo = SYNetwork;
		};
/* End PBXContainerItemProxy section */

/* Begin PBXFileReference section */
		12300D084F9083EC7D61696B /* README.md */ = {isa = PBXFileReference; includeInIndex = 1; lastKnownFileType = net.daringfireball.markdown; name = README.md; path = ../README.md; sourceTree = "<group>"; };
		332EEA101E07786300009AAF /* .gitkeep */ = {isa = PBXFileReference; fileEncoding = 4; lastKnownFileType = text; path = .gitkeep; sourceTree = "<group>"; };
		332EEA121E07786300009AAF /* .gitkeep */ = {isa = PBXFileReference; fileEncoding = 4; lastKnownFileType = text; path = .gitkeep; sourceTree = "<group>"; };
		332EEA131E07786300009AAF /* SYCache.h */ = {isa = PBXFileReference; fileEncoding = 4; lastKnownFileType = sourcecode.c.h; path = SYCache.h; sourceTree = "<group>"; };
		332EEA141E07786300009AAF /* SYCache.m */ = {isa = PBXFileReference; fileEncoding = 4; lastKnownFileType = sourcecode.c.objc; path = SYCache.m; sourceTree = "<group>"; };
		332EEA151E07786300009AAF /* SYCacheObject.h */ = {isa = PBXFileReference; fileEncoding = 4; lastKnownFileType = sourcecode.c.h; path = SYCacheObject.h; sourceTree = "<group>"; };
		332EEA161E07786300009AAF /* SYCacheObject.m */ = {isa = PBXFileReference; fileEncoding = 4; lastKnownFileType = sourcecode.c.objc; path = SYCacheObject.m; sourceTree = "<group>"; };
		332EEA171E07786300009AAF /* SYHTTPManager.h */ = {isa = PBXFileReference; fileEncoding = 4; lastKnownFileType = sourcecode.c.h; path = SYHTTPManager.h; sourceTree = "<group>"; };
		332EEA181E07786300009AAF /* SYHTTPManager.m */ = {isa = PBXFileReference; fileEncoding = 4; lastKnownFileType = sourcecode.c.objc; path = SYHTTPManager.m; sourceTree = "<group>"; };
		332EEA191E07786300009AAF /* SYLogger.h */ = {isa = PBXFileReference; fileEncoding = 4; lastKnownFileType = sourcecode.c.h; path = SYLogger.h; sourceTree = "<group>"; };
		332EEA1A1E07786300009AAF /* SYLogger.m */ = {isa = PBXFileReference; fileEncoding = 4; lastKnownFileType = sourcecode.c.objc; path = SYLogger.m; sourceTree = "<group>"; };
		332EEA1B1E07786300009AAF /* SYNetwork.h */ = {isa = PBXFileReference; fileEncoding = 4; lastKnownFileType = sourcecode.c.h; path = SYNetwork.h; sourceTree = "<group>"; };
		332EEA1C1E07786300009AAF /* SYRequest.h */ = {isa = PBXFileReference; fileEncoding = 4; lastKnownFileType = sourcecode.c.h; path = SYRequest.h; sourceTree = "<group>"; };
		332EEA1D1E07786300009AAF /* SYRequest.m */ = {isa = PBXFileReference; fileEncoding = 4; lastKnownFileType = sourcecode.c.objc; path = SYRequest.m; sourceTree = "<group>"; };
		332EEA1E1E07786300009AAF /* SYRequestConfig.h */ = {isa = PBXFileReference; fileEncoding = 4; lastKnownFileType = sourcecode.c.h; path = SYRequestConfig.h; sourceTree = "<group>"; };
		332EEA1F1E07786300009AAF /* SYRequestConfig.m */ = {isa = PBXFileReference; fileEncoding = 4; lastKnownFileType = sourcecode.c.objc; path = SYRequestConfig.m; sourceTree = "<group>"; };
		332EEA201E07786300009AAF /* SYRequestParametersBuilder.h */ = {isa = PBXFileReference; fileEncoding = 4; lastKnownFileType = sourcecode.c.h; path = SYRequestParametersBuilder.h; sourceTree = "<group>"; };
		332EEA211E07786300009AAF /* SYRequestParametersBuilder.m */ = {isa = PBXFileReference; fileEncoding = 4; lastKnownFileType = sourcecode.c.objc; path = SYRequestParametersBuilder.m; sourceTree = "<group>"; };
		332EEA221E07786300009AAF /* SYResponse.h */ = {isa = PBXFileReference; fileEncoding = 4; lastKnownFileType = sourcecode.c.h; path = SYResponse.h; sourceTree = "<group>"; };
		332EEA231E07786300009AAF /* SYResponse.m */ = {isa = PBXFileReference; fileEncoding = 4; lastKnownFileType = sourcecode.c.objc; path = SYResponse.m; sourceTree = "<group>"; };
		332EEA2F1E0778D900009AAF /* TESTRequestParameterBuilder.h */ = {isa = PBXFileReference; fileEncoding = 4; lastKnownFileType = sourcecode.c.h; path = TESTRequestParameterBuilder.h; sourceTree = "<group>"; };
		332EEA301E0778D900009AAF /* TESTRequestParameterBuilder.m */ = {isa = PBXFileReference; fileEncoding = 4; lastKnownFileType = sourcecode.c.objc; path = TESTRequestParameterBuilder.m; sourceTree = "<group>"; };
		332EEA321E07799700009AAF /* TestBaseApi.h */ = {isa = PBXFileReference; fileEncoding = 4; lastKnownFileType = sourcecode.c.h; path = TestBaseApi.h; sourceTree = "<group>"; };
		332EEA331E07799700009AAF /* TestBaseApi.m */ = {isa = PBXFileReference; fileEncoding = 4; lastKnownFileType = sourcecode.c.objc; path = TestBaseApi.m; sourceTree = "<group>"; };
		332EEA351E0779E900009AAF /* TestApi.h */ = {isa = PBXFileReference; fileEncoding = 4; lastKnownFileType = sourcecode.c.h; path = TestApi.h; sourceTree = "<group>"; };
		332EEA361E0779E900009AAF /* TestApi.m */ = {isa = PBXFileReference; fileEncoding = 4; lastKnownFileType = sourcecode.c.objc; path = TestApi.m; sourceTree = "<group>"; };
		332EEA391E07805300009AAF /* NSDictionary+SYNetworking.h */ = {isa = PBXFileReference; fileEncoding = 4; lastKnownFileType = sourcecode.c.h; path = "NSDictionary+SYNetworking.h"; sourceTree = "<group>"; };
		332EEA3A1E07805300009AAF /* NSDictionary+SYNetworking.m */ = {isa = PBXFileReference; fileEncoding = 4; lastKnownFileType = sourcecode.c.objc; path = "NSDictionary+SYNetworking.m"; sourceTree = "<group>"; };
		332EEA3B1E07805300009AAF /* NSString+Encryption.h */ = {isa = PBXFileReference; fileEncoding = 4; lastKnownFileType = sourcecode.c.h; path = "NSString+Encryption.h"; sourceTree = "<group>"; };
		332EEA3C1E07805300009AAF /* NSString+Encryption.m */ = {isa = PBXFileReference; fileEncoding = 4; lastKnownFileType = sourcecode.c.objc; path = "NSString+Encryption.m"; sourceTree = "<group>"; };
		332EEA3F1E07B61A00009AAF /* SYService.h */ = {isa = PBXFileReference; fileEncoding = 4; lastKnownFileType = sourcecode.c.h; path = SYService.h; sourceTree = "<group>"; };
		332EEA401E07B61A00009AAF /* SYService.m */ = {isa = PBXFileReference; fileEncoding = 4; lastKnownFileType = sourcecode.c.objc; path = SYService.m; sourceTree = "<group>"; };
		332EEA421E07B72E00009AAF /* SYServiceFactory.h */ = {isa = PBXFileReference; fileEncoding = 4; lastKnownFileType = sourcecode.c.h; path = SYServiceFactory.h; sourceTree = "<group>"; };
		332EEA431E07B72E00009AAF /* SYServiceFactory.m */ = {isa = PBXFileReference; fileEncoding = 4; lastKnownFileType = sourcecode.c.objc; path = SYServiceFactory.m; sourceTree = "<group>"; };
		332EEA451E07BF1200009AAF /* TestService.h */ = {isa = PBXFileReference; fileEncoding = 4; lastKnownFileType = sourcecode.c.h; path = TestService.h; sourceTree = "<group>"; };
		332EEA461E07BF1200009AAF /* TestService.m */ = {isa = PBXFileReference; fileEncoding = 4; lastKnownFileType = sourcecode.c.objc; path = TestService.m; sourceTree = "<group>"; };
		4B87CDF6AB0E9D9454E39999 /* Pods-SYNetwork_Example.release.xcconfig */ = {isa = PBXFileReference; includeInIndex = 1; lastKnownFileType = text.xcconfig; name = "Pods-SYNetwork_Example.release.xcconfig"; path = "Pods/Target Support Files/Pods-SYNetwork_Example/Pods-SYNetwork_Example.release.xcconfig"; sourceTree = "<group>"; };
		582BF86CCB69C897A760018B /* Pods-SYNetwork_Tests.debug.xcconfig */ = {isa = PBXFileReference; includeInIndex = 1; lastKnownFileType = text.xcconfig; name = "Pods-SYNetwork_Tests.debug.xcconfig"; path = "Pods/Target Support Files/Pods-SYNetwork_Tests/Pods-SYNetwork_Tests.debug.xcconfig"; sourceTree = "<group>"; };
		6003F58A195388D20070C39A /* SYNetwork_Example.app */ = {isa = PBXFileReference; explicitFileType = wrapper.application; includeInIndex = 0; path = SYNetwork_Example.app; sourceTree = BUILT_PRODUCTS_DIR; };
		6003F58D195388D20070C39A /* Foundation.framework */ = {isa = PBXFileReference; lastKnownFileType = wrapper.framework; name = Foundation.framework; path = System/Library/Frameworks/Foundation.framework; sourceTree = SDKROOT; };
		6003F58F195388D20070C39A /* CoreGraphics.framework */ = {isa = PBXFileReference; lastKnownFileType = wrapper.framework; name = CoreGraphics.framework; path = System/Library/Frameworks/CoreGraphics.framework; sourceTree = SDKROOT; };
		6003F591195388D20070C39A /* UIKit.framework */ = {isa = PBXFileReference; lastKnownFileType = wrapper.framework; name = UIKit.framework; path = System/Library/Frameworks/UIKit.framework; sourceTree = SDKROOT; };
		6003F595195388D20070C39A /* SYNetwork-Info.plist */ = {isa = PBXFileReference; lastKnownFileType = text.plist.xml; path = "SYNetwork-Info.plist"; sourceTree = "<group>"; };
		6003F597195388D20070C39A /* en */ = {isa = PBXFileReference; lastKnownFileType = text.plist.strings; name = en; path = en.lproj/InfoPlist.strings; sourceTree = "<group>"; };
		6003F599195388D20070C39A /* main.m */ = {isa = PBXFileReference; lastKnownFileType = sourcecode.c.objc; path = main.m; sourceTree = "<group>"; };
		6003F59B195388D20070C39A /* SYNetwork-Prefix.pch */ = {isa = PBXFileReference; lastKnownFileType = sourcecode.c.h; path = "SYNetwork-Prefix.pch"; sourceTree = "<group>"; };
		6003F59C195388D20070C39A /* SYAppDelegate.h */ = {isa = PBXFileReference; lastKnownFileType = sourcecode.c.h; path = SYAppDelegate.h; sourceTree = "<group>"; };
		6003F59D195388D20070C39A /* SYAppDelegate.m */ = {isa = PBXFileReference; lastKnownFileType = sourcecode.c.objc; path = SYAppDelegate.m; sourceTree = "<group>"; };
		6003F5A5195388D20070C39A /* SYViewController.h */ = {isa = PBXFileReference; lastKnownFileType = sourcecode.c.h; path = SYViewController.h; sourceTree = "<group>"; };
		6003F5A6195388D20070C39A /* SYViewController.m */ = {isa = PBXFileReference; lastKnownFileType = sourcecode.c.objc; path = SYViewController.m; sourceTree = "<group>"; };
		6003F5A8195388D20070C39A /* Images.xcassets */ = {isa = PBXFileReference; lastKnownFileType = folder.assetcatalog; path = Images.xcassets; sourceTree = "<group>"; };
		6003F5AE195388D20070C39A /* SYNetwork_Tests.xctest */ = {isa = PBXFileReference; explicitFileType = wrapper.cfbundle; includeInIndex = 0; path = SYNetwork_Tests.xctest; sourceTree = BUILT_PRODUCTS_DIR; };
		6003F5AF195388D20070C39A /* XCTest.framework */ = {isa = PBXFileReference; lastKnownFileType = wrapper.framework; name = XCTest.framework; path = Library/Frameworks/XCTest.framework; sourceTree = DEVELOPER_DIR; };
		6003F5B7195388D20070C39A /* Tests-Info.plist */ = {isa = PBXFileReference; lastKnownFileType = text.plist.xml; path = "Tests-Info.plist"; sourceTree = "<group>"; };
		6003F5B9195388D20070C39A /* en */ = {isa = PBXFileReference; lastKnownFileType = text.plist.strings; name = en; path = en.lproj/InfoPlist.strings; sourceTree = "<group>"; };
		6003F5BB195388D20070C39A /* Tests.m */ = {isa = PBXFileReference; lastKnownFileType = sourcecode.c.objc; path = Tests.m; sourceTree = "<group>"; };
		606FC2411953D9B200FFA9A0 /* Tests-Prefix.pch */ = {isa = PBXFileReference; lastKnownFileType = sourcecode.c.h; path = "Tests-Prefix.pch"; sourceTree = "<group>"; };
		8202CB42FEB23013D21052EB /* Pods_SYNetwork_Tests.framework */ = {isa = PBXFileReference; explicitFileType = wrapper.framework; includeInIndex = 0; path = Pods_SYNetwork_Tests.framework; sourceTree = BUILT_PRODUCTS_DIR; };
		873B8AEA1B1F5CCA007FD442 /* Main.storyboard */ = {isa = PBXFileReference; fileEncoding = 4; lastKnownFileType = file.storyboard; path = Main.storyboard; sourceTree = "<group>"; };
		AD5F6F38F0DED303ADB6A554 /* SYNetwork.podspec */ = {isa = PBXFileReference; includeInIndex = 1; lastKnownFileType = text; name = SYNetwork.podspec; path = ../SYNetwork.podspec; sourceTree = "<group>"; };
		CF1774CC8906C3B9FD027C6E /* LICENSE */ = {isa = PBXFileReference; includeInIndex = 1; lastKnownFileType = text; name = LICENSE; path = ../LICENSE; sourceTree = "<group>"; };
		CF22042ACEE57E0B738F89E5 /* Pods-SYNetwork_Tests.release.xcconfig */ = {isa = PBXFileReference; includeInIndex = 1; lastKnownFileType = text.xcconfig; name = "Pods-SYNetwork_Tests.release.xcconfig"; path = "Pods/Target Support Files/Pods-SYNetwork_Tests/Pods-SYNetwork_Tests.release.xcconfig"; sourceTree = "<group>"; };
		CFABC2E28347803B36617095 /* Pods-SYNetwork_Example.debug.xcconfig */ = {isa = PBXFileReference; includeInIndex = 1; lastKnownFileType = text.xcconfig; name = "Pods-SYNetwork_Example.debug.xcconfig"; path = "Pods/Target Support Files/Pods-SYNetwork_Example/Pods-SYNetwork_Example.debug.xcconfig"; sourceTree = "<group>"; };
		DA60868A0371E13C8154C5D0 /* Pods_SYNetwork_Example.framework */ = {isa = PBXFileReference; explicitFileType = wrapper.framework; includeInIndex = 0; path = Pods_SYNetwork_Example.framework; sourceTree = BUILT_PRODUCTS_DIR; };
/* End PBXFileReference section */

/* Begin PBXFrameworksBuildPhase section */
		6003F587195388D20070C39A /* Frameworks */ = {
			isa = PBXFrameworksBuildPhase;
			buildActionMask = 2147483647;
			files = (
				6003F590195388D20070C39A /* CoreGraphics.framework in Frameworks */,
				6003F592195388D20070C39A /* UIKit.framework in Frameworks */,
				6003F58E195388D20070C39A /* Foundation.framework in Frameworks */,
				328E627E3097534096CCB9FB /* Pods_SYNetwork_Example.framework in Frameworks */,
			);
			runOnlyForDeploymentPostprocessing = 0;
		};
		6003F5AB195388D20070C39A /* Frameworks */ = {
			isa = PBXFrameworksBuildPhase;
			buildActionMask = 2147483647;
			files = (
				6003F5B0195388D20070C39A /* XCTest.framework in Frameworks */,
				6003F5B2195388D20070C39A /* UIKit.framework in Frameworks */,
				6003F5B1195388D20070C39A /* Foundation.framework in Frameworks */,
				6D752EEE5F0833203D71E7EB /* Pods_SYNetwork_Tests.framework in Frameworks */,
			);
			runOnlyForDeploymentPostprocessing = 0;
		};
/* End PBXFrameworksBuildPhase section */

/* Begin PBXGroup section */
		332EEA0E1E07786300009AAF /* SYNetwork */ = {
			isa = PBXGroup;
			children = (
				332EEA0F1E07786300009AAF /* Assets */,
				332EEA111E07786300009AAF /* Classes */,
			);
			name = SYNetwork;
			path = ../SYNetwork;
			sourceTree = "<group>";
		};
		332EEA0F1E07786300009AAF /* Assets */ = {
			isa = PBXGroup;
			children = (
				332EEA101E07786300009AAF /* .gitkeep */,
			);
			path = Assets;
			sourceTree = "<group>";
		};
		332EEA111E07786300009AAF /* Classes */ = {
			isa = PBXGroup;
			children = (
				332EEA121E07786300009AAF /* .gitkeep */,
				332EEA131E07786300009AAF /* SYCache.h */,
				332EEA141E07786300009AAF /* SYCache.m */,
				332EEA151E07786300009AAF /* SYCacheObject.h */,
				332EEA161E07786300009AAF /* SYCacheObject.m */,
				332EEA171E07786300009AAF /* SYHTTPManager.h */,
				332EEA181E07786300009AAF /* SYHTTPManager.m */,
				332EEA191E07786300009AAF /* SYLogger.h */,
				332EEA1A1E07786300009AAF /* SYLogger.m */,
				332EEA1B1E07786300009AAF /* SYNetwork.h */,
				332EEA1C1E07786300009AAF /* SYRequest.h */,
				332EEA1D1E07786300009AAF /* SYRequest.m */,
				332EEA1E1E07786300009AAF /* SYRequestConfig.h */,
				332EEA1F1E07786300009AAF /* SYRequestConfig.m */,
				332EEA201E07786300009AAF /* SYRequestParametersBuilder.h */,
				332EEA211E07786300009AAF /* SYRequestParametersBuilder.m */,
				332EEA221E07786300009AAF /* SYResponse.h */,
				332EEA231E07786300009AAF /* SYResponse.m */,
				332EEA3F1E07B61A00009AAF /* SYService.h */,
				332EEA401E07B61A00009AAF /* SYService.m */,
				332EEA421E07B72E00009AAF /* SYServiceFactory.h */,
				332EEA431E07B72E00009AAF /* SYServiceFactory.m */,
			);
			path = Classes;
			sourceTree = "<group>";
		};
		332EEA2E1E0778B400009AAF /* TestFiles */ = {
			isa = PBXGroup;
			children = (
				332EEA381E07805300009AAF /* Categorise */,
				332EEA2F1E0778D900009AAF /* TESTRequestParameterBuilder.h */,
				332EEA301E0778D900009AAF /* TESTRequestParameterBuilder.m */,
				332EEA321E07799700009AAF /* TestBaseApi.h */,
				332EEA331E07799700009AAF /* TestBaseApi.m */,
				332EEA351E0779E900009AAF /* TestApi.h */,
				332EEA361E0779E900009AAF /* TestApi.m */,
				332EEA451E07BF1200009AAF /* TestService.h */,
				332EEA461E07BF1200009AAF /* TestService.m */,
			);
			path = TestFiles;
			sourceTree = "<group>";
		};
		332EEA381E07805300009AAF /* Categorise */ = {
			isa = PBXGroup;
			children = (
				332EEA391E07805300009AAF /* NSDictionary+SYNetworking.h */,
				332EEA3A1E07805300009AAF /* NSDictionary+SYNetworking.m */,
				332EEA3B1E07805300009AAF /* NSString+Encryption.h */,
				332EEA3C1E07805300009AAF /* NSString+Encryption.m */,
			);
			path = Categorise;
			sourceTree = "<group>";
		};
		40147E5689708EEA50BF10A6 /* Pods */ = {
			isa = PBXGroup;
			children = (
				CFABC2E28347803B36617095 /* Pods-SYNetwork_Example.debug.xcconfig */,
				4B87CDF6AB0E9D9454E39999 /* Pods-SYNetwork_Example.release.xcconfig */,
				582BF86CCB69C897A760018B /* Pods-SYNetwork_Tests.debug.xcconfig */,
				CF22042ACEE57E0B738F89E5 /* Pods-SYNetwork_Tests.release.xcconfig */,
			);
			name = Pods;
			sourceTree = "<group>";
		};
		6003F581195388D10070C39A = {
			isa = PBXGroup;
			children = (
				332EEA0E1E07786300009AAF /* SYNetwork */,
				60FF7A9C1954A5C5007DD14C /* Podspec Metadata */,
				6003F593195388D20070C39A /* Example for SYNetwork */,
				6003F5B5195388D20070C39A /* Tests */,
				6003F58C195388D20070C39A /* Frameworks */,
				6003F58B195388D20070C39A /* Products */,
				40147E5689708EEA50BF10A6 /* Pods */,
			);
			sourceTree = "<group>";
		};
		6003F58B195388D20070C39A /* Products */ = {
			isa = PBXGroup;
			children = (
				6003F58A195388D20070C39A /* SYNetwork_Example.app */,
				6003F5AE195388D20070C39A /* SYNetwork_Tests.xctest */,
			);
			name = Products;
			sourceTree = "<group>";
		};
		6003F58C195388D20070C39A /* Frameworks */ = {
			isa = PBXGroup;
			children = (
				6003F58D195388D20070C39A /* Foundation.framework */,
				6003F58F195388D20070C39A /* CoreGraphics.framework */,
				6003F591195388D20070C39A /* UIKit.framework */,
				6003F5AF195388D20070C39A /* XCTest.framework */,
				DA60868A0371E13C8154C5D0 /* Pods_SYNetwork_Example.framework */,
				8202CB42FEB23013D21052EB /* Pods_SYNetwork_Tests.framework */,
			);
			name = Frameworks;
			sourceTree = "<group>";
		};
		6003F593195388D20070C39A /* Example for SYNetwork */ = {
			isa = PBXGroup;
			children = (
				332EEA2E1E0778B400009AAF /* TestFiles */,
				6003F59C195388D20070C39A /* SYAppDelegate.h */,
				6003F59D195388D20070C39A /* SYAppDelegate.m */,
				873B8AEA1B1F5CCA007FD442 /* Main.storyboard */,
				6003F5A5195388D20070C39A /* SYViewController.h */,
				6003F5A6195388D20070C39A /* SYViewController.m */,
				6003F5A8195388D20070C39A /* Images.xcassets */,
				6003F594195388D20070C39A /* Supporting Files */,
			);
			name = "Example for SYNetwork";
			path = SYNetwork;
			sourceTree = "<group>";
		};
		6003F594195388D20070C39A /* Supporting Files */ = {
			isa = PBXGroup;
			children = (
				6003F595195388D20070C39A /* SYNetwork-Info.plist */,
				6003F596195388D20070C39A /* InfoPlist.strings */,
				6003F599195388D20070C39A /* main.m */,
				6003F59B195388D20070C39A /* SYNetwork-Prefix.pch */,
			);
			name = "Supporting Files";
			sourceTree = "<group>";
		};
		6003F5B5195388D20070C39A /* Tests */ = {
			isa = PBXGroup;
			children = (
				6003F5BB195388D20070C39A /* Tests.m */,
				6003F5B6195388D20070C39A /* Supporting Files */,
			);
			path = Tests;
			sourceTree = "<group>";
		};
		6003F5B6195388D20070C39A /* Supporting Files */ = {
			isa = PBXGroup;
			children = (
				6003F5B7195388D20070C39A /* Tests-Info.plist */,
				6003F5B8195388D20070C39A /* InfoPlist.strings */,
				606FC2411953D9B200FFA9A0 /* Tests-Prefix.pch */,
			);
			name = "Supporting Files";
			sourceTree = "<group>";
		};
		60FF7A9C1954A5C5007DD14C /* Podspec Metadata */ = {
			isa = PBXGroup;
			children = (
				AD5F6F38F0DED303ADB6A554 /* SYNetwork.podspec */,
				12300D084F9083EC7D61696B /* README.md */,
				CF1774CC8906C3B9FD027C6E /* LICENSE */,
			);
			name = "Podspec Metadata";
			sourceTree = "<group>";
		};
/* End PBXGroup section */

/* Begin PBXNativeTarget section */
		6003F589195388D20070C39A /* SYNetwork_Example */ = {
			isa = PBXNativeTarget;
			buildConfigurationList = 6003F5BF195388D20070C39A /* Build configuration list for PBXNativeTarget "SYNetwork_Example" */;
			buildPhases = (
				209FE41BE0F0822A9C0A018F /* [CP] Check Pods Manifest.lock */,
				6003F586195388D20070C39A /* Sources */,
				6003F587195388D20070C39A /* Frameworks */,
				6003F588195388D20070C39A /* Resources */,
				B6B848AE3E49A301806A67D0 /* [CP] Embed Pods Frameworks */,
				BACBFD8C4BAFF0C165ECAD70 /* [CP] Copy Pods Resources */,
			);
			buildRules = (
			);
			dependencies = (
			);
			name = SYNetwork_Example;
			productName = SYNetwork;
			productReference = 6003F58A195388D20070C39A /* SYNetwork_Example.app */;
			productType = "com.apple.product-type.application";
		};
		6003F5AD195388D20070C39A /* SYNetwork_Tests */ = {
			isa = PBXNativeTarget;
			buildConfigurationList = 6003F5C2195388D20070C39A /* Build configuration list for PBXNativeTarget "SYNetwork_Tests" */;
			buildPhases = (
				9A0751DA8510562B3437FB46 /* [CP] Check Pods Manifest.lock */,
				6003F5AA195388D20070C39A /* Sources */,
				6003F5AB195388D20070C39A /* Frameworks */,
				6003F5AC195388D20070C39A /* Resources */,
				603A00A36FAD32D3D1085D95 /* [CP] Embed Pods Frameworks */,
				BE955FB6CF63C13512C935CC /* [CP] Copy Pods Resources */,
			);
			buildRules = (
			);
			dependencies = (
				6003F5B4195388D20070C39A /* PBXTargetDependency */,
			);
			name = SYNetwork_Tests;
			productName = SYNetworkTests;
			productReference = 6003F5AE195388D20070C39A /* SYNetwork_Tests.xctest */;
			productType = "com.apple.product-type.bundle.unit-test";
		};
/* End PBXNativeTarget section */

/* Begin PBXProject section */
		6003F582195388D10070C39A /* Project object */ = {
			isa = PBXProject;
			attributes = {
				CLASSPREFIX = SY;
				LastUpgradeCheck = 0720;
				ORGANIZATIONNAME = "孙扬";
				TargetAttributes = {
					6003F5AD195388D20070C39A = {
						TestTargetID = 6003F589195388D20070C39A;
					};
				};
			};
			buildConfigurationList = 6003F585195388D10070C39A /* Build configuration list for PBXProject "SYNetwork" */;
			compatibilityVersion = "Xcode 3.2";
			developmentRegion = English;
			hasScannedForEncodings = 0;
			knownRegions = (
				en,
				Base,
			);
			mainGroup = 6003F581195388D10070C39A;
			productRefGroup = 6003F58B195388D20070C39A /* Products */;
			projectDirPath = "";
			projectRoot = "";
			targets = (
				6003F589195388D20070C39A /* SYNetwork_Example */,
				6003F5AD195388D20070C39A /* SYNetwork_Tests */,
			);
		};
/* End PBXProject section */

/* Begin PBXResourcesBuildPhase section */
		6003F588195388D20070C39A /* Resources */ = {
			isa = PBXResourcesBuildPhase;
			buildActionMask = 2147483647;
			files = (
				873B8AEB1B1F5CCA007FD442 /* Main.storyboard in Resources */,
				6003F5A9195388D20070C39A /* Images.xcassets in Resources */,
				332EEA251E07786300009AAF /* .gitkeep in Resources */,
				6003F598195388D20070C39A /* InfoPlist.strings in Resources */,
				332EEA241E07786300009AAF /* .gitkeep in Resources */,
			);
			runOnlyForDeploymentPostprocessing = 0;
		};
		6003F5AC195388D20070C39A /* Resources */ = {
			isa = PBXResourcesBuildPhase;
			buildActionMask = 2147483647;
			files = (
				6003F5BA195388D20070C39A /* InfoPlist.strings in Resources */,
			);
			runOnlyForDeploymentPostprocessing = 0;
		};
/* End PBXResourcesBuildPhase section */

/* Begin PBXShellScriptBuildPhase section */
		209FE41BE0F0822A9C0A018F /* [CP] Check Pods Manifest.lock */ = {
			isa = PBXShellScriptBuildPhase;
			buildActionMask = 2147483647;
			files = (
			);
			inputPaths = (
			);
			name = "[CP] Check Pods Manifest.lock";
			outputPaths = (
			);
			runOnlyForDeploymentPostprocessing = 0;
			shellPath = /bin/sh;
			shellScript = "diff \"${PODS_ROOT}/../Podfile.lock\" \"${PODS_ROOT}/Manifest.lock\" > /dev/null\nif [ $? != 0 ] ; then\n    # print error to STDERR\n    echo \"error: The sandbox is not in sync with the Podfile.lock. Run 'pod install' or update your CocoaPods installation.\" >&2\n    exit 1\nfi\n";
			showEnvVarsInLog = 0;
		};
		603A00A36FAD32D3D1085D95 /* [CP] Embed Pods Frameworks */ = {
			isa = PBXShellScriptBuildPhase;
			buildActionMask = 2147483647;
			files = (
			);
			inputPaths = (
			);
			name = "[CP] Embed Pods Frameworks";
			outputPaths = (
			);
			runOnlyForDeploymentPostprocessing = 0;
			shellPath = /bin/sh;
			shellScript = "\"${SRCROOT}/Pods/Target Support Files/Pods-SYNetwork_Tests/Pods-SYNetwork_Tests-frameworks.sh\"\n";
			showEnvVarsInLog = 0;
		};
		9A0751DA8510562B3437FB46 /* [CP] Check Pods Manifest.lock */ = {
			isa = PBXShellScriptBuildPhase;
			buildActionMask = 2147483647;
			files = (
			);
			inputPaths = (
			);
			name = "[CP] Check Pods Manifest.lock";
			outputPaths = (
			);
			runOnlyForDeploymentPostprocessing = 0;
			shellPath = /bin/sh;
			shellScript = "diff \"${PODS_ROOT}/../Podfile.lock\" \"${PODS_ROOT}/Manifest.lock\" > /dev/null\nif [ $? != 0 ] ; then\n    # print error to STDERR\n    echo \"error: The sandbox is not in sync with the Podfile.lock. Run 'pod install' or update your CocoaPods installation.\" >&2\n    exit 1\nfi\n";
			showEnvVarsInLog = 0;
		};
		B6B848AE3E49A301806A67D0 /* [CP] Embed Pods Frameworks */ = {
			isa = PBXShellScriptBuildPhase;
			buildActionMask = 2147483647;
			files = (
			);
			inputPaths = (
			);
			name = "[CP] Embed Pods Frameworks";
			outputPaths = (
			);
			runOnlyForDeploymentPostprocessing = 0;
			shellPath = /bin/sh;
			shellScript = "\"${SRCROOT}/Pods/Target Support Files/Pods-SYNetwork_Example/Pods-SYNetwork_Example-frameworks.sh\"\n";
			showEnvVarsInLog = 0;
		};
		BACBFD8C4BAFF0C165ECAD70 /* [CP] Copy Pods Resources */ = {
			isa = PBXShellScriptBuildPhase;
			buildActionMask = 2147483647;
			files = (
			);
			inputPaths = (
			);
			name = "[CP] Copy Pods Resources";
			outputPaths = (
			);
			runOnlyForDeploymentPostprocessing = 0;
			shellPath = /bin/sh;
			shellScript = "\"${SRCROOT}/Pods/Target Support Files/Pods-SYNetwork_Example/Pods-SYNetwork_Example-resources.sh\"\n";
			showEnvVarsInLog = 0;
		};
		BE955FB6CF63C13512C935CC /* [CP] Copy Pods Resources */ = {
			isa = PBXShellScriptBuildPhase;
			buildActionMask = 2147483647;
			files = (
			);
			inputPaths = (
			);
			name = "[CP] Copy Pods Resources";
			outputPaths = (
			);
			runOnlyForDeploymentPostprocessing = 0;
			shellPath = /bin/sh;
			shellScript = "\"${SRCROOT}/Pods/Target Support Files/Pods-SYNetwork_Tests/Pods-SYNetwork_Tests-resources.sh\"\n";
			showEnvVarsInLog = 0;
		};
/* End PBXShellScriptBuildPhase section */

/* Begin PBXSourcesBuildPhase section */
		6003F586195388D20070C39A /* Sources */ = {
			isa = PBXSourcesBuildPhase;
			buildActionMask = 2147483647;
			files = (
				332EEA261E07786300009AAF /* SYCache.m in Sources */,
				332EEA311E0778D900009AAF /* TESTRequestParameterBuilder.m in Sources */,
				332EEA441E07B72E00009AAF /* SYServiceFactory.m in Sources */,
				6003F59E195388D20070C39A /* SYAppDelegate.m in Sources */,
				332EEA2D1E07786300009AAF /* SYResponse.m in Sources */,
				332EEA3D1E07805300009AAF /* NSDictionary+SYNetworking.m in Sources */,
				332EEA2B1E07786300009AAF /* SYRequestConfig.m in Sources */,
				332EEA2C1E07786300009AAF /* SYRequestParametersBuilder.m in Sources */,
				332EEA471E07BF1200009AAF /* TestService.m in Sources */,
				6003F5A7195388D20070C39A /* SYViewController.m in Sources */,
				332EEA341E07799700009AAF /* TestBaseApi.m in Sources */,
				332EEA2A1E07786300009AAF /* SYRequest.m in Sources */,
				332EEA411E07B61A00009AAF /* SYService.m in Sources */,
				332EEA281E07786300009AAF /* SYHTTPManager.m in Sources */,
				332EEA271E07786300009AAF /* SYCacheObject.m in Sources */,
				332EEA291E07786300009AAF /* SYLogger.m in Sources */,
				332EEA371E0779E900009AAF /* TestApi.m in Sources */,
				332EEA3E1E07805300009AAF /* NSString+Encryption.m in Sources */,
				6003F59A195388D20070C39A /* main.m in Sources */,
			);
			runOnlyForDeploymentPostprocessing = 0;
		};
		6003F5AA195388D20070C39A /* Sources */ = {
			isa = PBXSourcesBuildPhase;
			buildActionMask = 2147483647;
			files = (
				6003F5BC195388D20070C39A /* Tests.m in Sources */,
			);
			runOnlyForDeploymentPostprocessing = 0;
		};
/* End PBXSourcesBuildPhase section */

/* Begin PBXTargetDependency section */
		6003F5B4195388D20070C39A /* PBXTargetDependency */ = {
			isa = PBXTargetDependency;
			target = 6003F589195388D20070C39A /* SYNetwork_Example */;
			targetProxy = 6003F5B3195388D20070C39A /* PBXContainerItemProxy */;
		};
/* End PBXTargetDependency section */

/* Begin PBXVariantGroup section */
		6003F596195388D20070C39A /* InfoPlist.strings */ = {
			isa = PBXVariantGroup;
			children = (
				6003F597195388D20070C39A /* en */,
			);
			name = InfoPlist.strings;
			sourceTree = "<group>";
		};
		6003F5B8195388D20070C39A /* InfoPlist.strings */ = {
			isa = PBXVariantGroup;
			children = (
				6003F5B9195388D20070C39A /* en */,
			);
			name = InfoPlist.strings;
			sourceTree = "<group>";
		};
/* End PBXVariantGroup section */

/* Begin XCBuildConfiguration section */
		6003F5BD195388D20070C39A /* Debug */ = {
			isa = XCBuildConfiguration;
			buildSettings = {
				ALWAYS_SEARCH_USER_PATHS = NO;
				CLANG_CXX_LANGUAGE_STANDARD = "gnu++0x";
				CLANG_CXX_LIBRARY = "libc++";
				CLANG_ENABLE_MODULES = YES;
				CLANG_ENABLE_OBJC_ARC = YES;
				CLANG_WARN_BOOL_CONVERSION = YES;
				CLANG_WARN_CONSTANT_CONVERSION = YES;
				CLANG_WARN_DIRECT_OBJC_ISA_USAGE = YES_ERROR;
				CLANG_WARN_EMPTY_BODY = YES;
				CLANG_WARN_ENUM_CONVERSION = YES;
				CLANG_WARN_INT_CONVERSION = YES;
				CLANG_WARN_OBJC_ROOT_CLASS = YES_ERROR;
				CLANG_WARN__DUPLICATE_METHOD_MATCH = YES;
				"CODE_SIGN_IDENTITY[sdk=iphoneos*]" = "iPhone Developer";
				COPY_PHASE_STRIP = NO;
				ENABLE_TESTABILITY = YES;
				GCC_C_LANGUAGE_STANDARD = gnu99;
				GCC_DYNAMIC_NO_PIC = NO;
				GCC_OPTIMIZATION_LEVEL = 0;
				GCC_PREPROCESSOR_DEFINITIONS = (
					"DEBUG=1",
					"$(inherited)",
				);
				GCC_SYMBOLS_PRIVATE_EXTERN = NO;
				GCC_WARN_64_TO_32_BIT_CONVERSION = YES;
				GCC_WARN_ABOUT_RETURN_TYPE = YES_ERROR;
				GCC_WARN_UNDECLARED_SELECTOR = YES;
				GCC_WARN_UNINITIALIZED_AUTOS = YES_AGGRESSIVE;
				GCC_WARN_UNUSED_FUNCTION = YES;
				GCC_WARN_UNUSED_VARIABLE = YES;
				IPHONEOS_DEPLOYMENT_TARGET = 8.3;
				ONLY_ACTIVE_ARCH = YES;
				SDKROOT = iphoneos;
				TARGETED_DEVICE_FAMILY = "1,2";
			};
			name = Debug;
		};
		6003F5BE195388D20070C39A /* Release */ = {
			isa = XCBuildConfiguration;
			buildSettings = {
				ALWAYS_SEARCH_USER_PATHS = NO;
				CLANG_CXX_LANGUAGE_STANDARD = "gnu++0x";
				CLANG_CXX_LIBRARY = "libc++";
				CLANG_ENABLE_MODULES = YES;
				CLANG_ENABLE_OBJC_ARC = YES;
				CLANG_WARN_BOOL_CONVERSION = YES;
				CLANG_WARN_CONSTANT_CONVERSION = YES;
				CLANG_WARN_DIRECT_OBJC_ISA_USAGE = YES_ERROR;
				CLANG_WARN_EMPTY_BODY = YES;
				CLANG_WARN_ENUM_CONVERSION = YES;
				CLANG_WARN_INT_CONVERSION = YES;
				CLANG_WARN_OBJC_ROOT_CLASS = YES_ERROR;
				CLANG_WARN__DUPLICATE_METHOD_MATCH = YES;
				"CODE_SIGN_IDENTITY[sdk=iphoneos*]" = "iPhone Developer";
				COPY_PHASE_STRIP = YES;
				ENABLE_NS_ASSERTIONS = NO;
				GCC_C_LANGUAGE_STANDARD = gnu99;
				GCC_WARN_64_TO_32_BIT_CONVERSION = YES;
				GCC_WARN_ABOUT_RETURN_TYPE = YES_ERROR;
				GCC_WARN_UNDECLARED_SELECTOR = YES;
				GCC_WARN_UNINITIALIZED_AUTOS = YES_AGGRESSIVE;
				GCC_WARN_UNUSED_FUNCTION = YES;
				GCC_WARN_UNUSED_VARIABLE = YES;
				IPHONEOS_DEPLOYMENT_TARGET = 8.3;
				SDKROOT = iphoneos;
				TARGETED_DEVICE_FAMILY = "1,2";
				VALIDATE_PRODUCT = YES;
			};
			name = Release;
		};
		6003F5C0195388D20070C39A /* Debug */ = {
			isa = XCBuildConfiguration;
			baseConfigurationReference = CFABC2E28347803B36617095 /* Pods-SYNetwork_Example.debug.xcconfig */;
			buildSettings = {
				ASSETCATALOG_COMPILER_APPICON_NAME = AppIcon;
				ASSETCATALOG_COMPILER_LAUNCHIMAGE_NAME = LaunchImage;
				GCC_PRECOMPILE_PREFIX_HEADER = YES;
				GCC_PREFIX_HEADER = "SYNetwork/SYNetwork-Prefix.pch";
				INFOPLIST_FILE = "SYNetwork/SYNetwork-Info.plist";
				IPHONEOS_DEPLOYMENT_TARGET = 8.0;
				MODULE_NAME = ExampleApp;
				PRODUCT_BUNDLE_IDENTIFIER = "org.cocoapods.demo.${PRODUCT_NAME:rfc1034identifier}";
				PRODUCT_NAME = "$(TARGET_NAME)";
				TARGETED_DEVICE_FAMILY = 1;
				WRAPPER_EXTENSION = app;
			};
			name = Debug;
		};
		6003F5C1195388D20070C39A /* Release */ = {
			isa = XCBuildConfiguration;
			baseConfigurationReference = 4B87CDF6AB0E9D9454E39999 /* Pods-SYNetwork_Example.release.xcconfig */;
			buildSettings = {
				ASSETCATALOG_COMPILER_APPICON_NAME = AppIcon;
				ASSETCATALOG_COMPILER_LAUNCHIMAGE_NAME = LaunchImage;
				GCC_PRECOMPILE_PREFIX_HEADER = YES;
				GCC_PREFIX_HEADER = "SYNetwork/SYNetwork-Prefix.pch";
				INFOPLIST_FILE = "SYNetwork/SYNetwork-Info.plist";
				IPHONEOS_DEPLOYMENT_TARGET = 8.0;
				MODULE_NAME = ExampleApp;
				PRODUCT_BUNDLE_IDENTIFIER = "org.cocoapods.demo.${PRODUCT_NAME:rfc1034identifier}";
				PRODUCT_NAME = "$(TARGET_NAME)";
				TARGETED_DEVICE_FAMILY = 1;
				WRAPPER_EXTENSION = app;
			};
			name = Release;
		};
		6003F5C3195388D20070C39A /* Debug */ = {
			isa = XCBuildConfiguration;
			baseConfigurationReference = 582BF86CCB69C897A760018B /* Pods-SYNetwork_Tests.debug.xcconfig */;
			buildSettings = {
				BUNDLE_LOADER = "$(TEST_HOST)";
				FRAMEWORK_SEARCH_PATHS = (
					"$(SDKROOT)/Developer/Library/Frameworks",
					"$(inherited)",
					"$(DEVELOPER_FRAMEWORKS_DIR)",
				);
				GCC_PRECOMPILE_PREFIX_HEADER = YES;
				GCC_PREFIX_HEADER = "Tests/Tests-Prefix.pch";
				GCC_PREPROCESSOR_DEFINITIONS = (
					"DEBUG=1",
					"$(inherited)",
				);
				INFOPLIST_FILE = "Tests/Tests-Info.plist";
				PRODUCT_BUNDLE_IDENTIFIER = "org.cocoapods.demo.${PRODUCT_NAME:rfc1034identifier}";
				PRODUCT_NAME = "$(TARGET_NAME)";
				TEST_HOST = "$(BUILT_PRODUCTS_DIR)/SYNetwork_Example.app/SYNetwork_Example";
				WRAPPER_EXTENSION = xctest;
			};
			name = Debug;
		};
		6003F5C4195388D20070C39A /* Release */ = {
			isa = XCBuildConfiguration;
			baseConfigurationReference = CF22042ACEE57E0B738F89E5 /* Pods-SYNetwork_Tests.release.xcconfig */;
			buildSettings = {
				BUNDLE_LOADER = "$(TEST_HOST)";
				FRAMEWORK_SEARCH_PATHS = (
					"$(SDKROOT)/Developer/Library/Frameworks",
					"$(inherited)",
					"$(DEVELOPER_FRAMEWORKS_DIR)",
				);
				GCC_PRECOMPILE_PREFIX_HEADER = YES;
				GCC_PREFIX_HEADER = "Tests/Tests-Prefix.pch";
				INFOPLIST_FILE = "Tests/Tests-Info.plist";
				PRODUCT_BUNDLE_IDENTIFIER = "org.cocoapods.demo.${PRODUCT_NAME:rfc1034identifier}";
				PRODUCT_NAME = "$(TARGET_NAME)";
				TEST_HOST = "$(BUILT_PRODUCTS_DIR)/SYNetwork_Example.app/SYNetwork_Example";
				WRAPPER_EXTENSION = xctest;
			};
			name = Release;
		};
/* End XCBuildConfiguration section */

/* Begin XCConfigurationList section */
		6003F585195388D10070C39A /* Build configuration list for PBXProject "SYNetwork" */ = {
			isa = XCConfigurationList;
			buildConfigurations = (
				6003F5BD195388D20070C39A /* Debug */,
				6003F5BE195388D20070C39A /* Release */,
			);
			defaultConfigurationIsVisible = 0;
			defaultConfigurationName = Release;
		};
		6003F5BF195388D20070C39A /* Build configuration list for PBXNativeTarget "SYNetwork_Example" */ = {
			isa = XCConfigurationList;
			buildConfigurations = (
				6003F5C0195388D20070C39A /* Debug */,
				6003F5C1195388D20070C39A /* Release */,
			);
			defaultConfigurationIsVisible = 0;
			defaultConfigurationName = Release;
		};
		6003F5C2195388D20070C39A /* Build configuration list for PBXNativeTarget "SYNetwork_Tests" */ = {
			isa = XCConfigurationList;
			buildConfigurations = (
				6003F5C3195388D20070C39A /* Debug */,
				6003F5C4195388D20070C39A /* Release */,
			);
			defaultConfigurationIsVisible = 0;
			defaultConfigurationName = Release;
		};
/* End XCConfigurationList section */
	};
	rootObject = 6003F582195388D10070C39A /* Project object */;
}
